
Microsoft Visual Studio Solution File, Format Version 12.00
# Visual Studio 14
VisualStudioVersion = 14.0.24720.0
MinimumVisualStudioVersion = 10.0.40219.1
Project("{FAE04EC0-301F-11D3-BF4B-00C04F79EFBC}") = "KPhone", "KPhone.csproj", "{0B25F43F-71C7-4A12-93F7-798AB7716637}"
EndProject
Project("{FAE04EC0-301F-11D3-BF4B-00C04F79EFBC}") = "install", "..\WpfApplication1\install.csproj", "{E342AAFF-CEFE-489A-AD3C-C0E2780F9CC3}"
EndProject
Project("{2150E333-8FDC-42A3-9474-1A3956D46DE8}") = "data", "data", "{6E5BF8AF-BA6E-4918-A1F8-9C4A0BC3DC8A}"
EndProject
Global
	GlobalSection(SolutionConfigurationPlatforms) = preSolution
		Debug|Any CPU = Debug|Any CPU
		Debug|x64 = Debug|x64
		Debug|x86 = Debug|x86
		Release|Any CPU = Release|Any CPU
		Release|x64 = Release|x64
		Release|x86 = Release|x86
	EndGlobalSection
	GlobalSection(ProjectConfigurationPlatforms) = postSolution
		{0B25F43F-71C7-4A12-93F7-798AB7716637}.Debug|Any CPU.ActiveCfg = Debug|x86
		{0B25F43F-71C7-4A12-93F7-798AB7716637}.Debug|x64.ActiveCfg = Debug|x64
		{0B25F43F-71C7-4A12-93F7-798AB7716637}.Debug|x64.Build.0 = Debug|x64
		{0B25F43F-71C7-4A12-93F7-798AB7716637}.Debug|x86.ActiveCfg = Debug|x86
		{0B25F43F-71C7-4A12-93F7-798AB7716637}.Debug|x86.Build.0 = Debug|x86
		{0B25F43F-71C7-4A12-93F7-798AB7716637}.Release|Any CPU.ActiveCfg = Release|x86
		{0B25F43F-71C7-4A12-93F7-798AB7716637}.Release|x64.ActiveCfg = Release|x64
		{0B25F43F-71C7-4A12-93F7-798AB7716637}.Release|x64.Build.0 = Release|x64
		{0B25F43F-71C7-4A12-93F7-798AB7716637}.Release|x86.ActiveCfg = Release|x86
		{0B25F43F-71C7-4A12-93F7-798AB7716637}.Release|x86.Build.0 = Release|x86
		{E342AAFF-CEFE-489A-AD3C-C0E2780F9CC3}.Debug|Any CPU.ActiveCfg = Debug|Any CPU
		{E342AAFF-CEFE-489A-AD3C-C0E2780F9CC3}.Debug|Any CPU.Build.0 = Debug|Any CPU
		{E342AAFF-CEFE-489A-AD3C-C0E2780F9CC3}.Debug|x64.ActiveCfg = Debug|Any CPU
		{E342AAFF-CEFE-489A-AD3C-C0E2780F9CC3}.Debug|x64.Build.0 = Debug|Any CPU
		{E342AAFF-CEFE-489A-AD3C-C0E2780F9CC3}.Debug|x86.ActiveCfg = Debug|Any CPU
		{E342AAFF-CEFE-489A-AD3C-C0E2780F9CC3}.Debug|x86.Build.0 = Debug|Any CPU
		{E342AAFF-CEFE-489A-AD3C-C0E2780F9CC3}.Release|Any CPU.ActiveCfg = Release|Any CPU
		{E342AAFF-CEFE-489A-AD3C-C0E2780F9CC3}.Release|Any CPU.Build.0 = Release|Any CPU
		{E342AAFF-CEFE-489A-AD3C-C0E2780F9CC3}.Release|x64.ActiveCfg = Release|Any CPU
		{E342AAFF-CEFE-489A-AD3C-C0E2780F9CC3}.Release|x64.Build.0 = Release|Any CPU
		{E342AAFF-CEFE-489A-AD3C-C0E2780F9CC3}.Release|x86.ActiveCfg = Release|Any CPU
		{E342AAFF-CEFE-489A-AD3C-C0E2780F9CC3}.Release|x86.Build.0 = Release|Any CPU
	EndGlobalSection
	GlobalSection(SolutionProperties) = preSolution
		HideSolutionNode = FALSE
	EndGlobalSection
	GlobalSection(NestedProjects) = preSolution
		{0B25F43F-71C7-4A12-93F7-798AB7716637} = {6E5BF8AF-BA6E-4918-A1F8-9C4A0BC3DC8A}
	EndGlobalSection
EndGlobal
